
Microsoft Visual Studio Solution File, Format Version 12.00
# Visual Studio 15
VisualStudioVersion = 15.0.27130.2010
MinimumVisualStudioVersion = 10.0.40219.1
Project("{FAE04EC0-301F-11D3-BF4B-00C04F79EFBC}") = "Dominio", "Dominio\Dominio.csproj", "{E47B46BD-6C3B-4779-A8B1-0833E02923AC}"
EndProject
Project("{FAE04EC0-301F-11D3-BF4B-00C04F79EFBC}") = "Infraestrutura", "Infraestrutura\Infraestrutura.csproj", "{E08CBA46-DE6C-4513-BFEC-1886C24D13FC}"
EndProject
Project("{FAE04EC0-301F-11D3-BF4B-00C04F79EFBC}") = "Aplicacao", "API\Aplicacao.csproj", "{5FB6D672-5769-467C-9C5B-C4F43E35A02F}"
EndProject
Global
	GlobalSection(SolutionConfigurationPlatforms) = preSolution
		Debug|Any CPU = Debug|Any CPU
		Release|Any CPU = Release|Any CPU
	EndGlobalSection
	GlobalSection(ProjectConfigurationPlatforms) = postSolution
		{E47B46BD-6C3B-4779-A8B1-0833E02923AC}.Debug|Any CPU.ActiveCfg = Debug|Any CPU
		{E47B46BD-6C3B-4779-A8B1-0833E02923AC}.Debug|Any CPU.Build.0 = Debug|Any CPU
		{E47B46BD-6C3B-4779-A8B1-0833E02923AC}.Release|Any CPU.ActiveCfg = Release|Any CPU
		{E47B46BD-6C3B-4779-A8B1-0833E02923AC}.Release|Any CPU.Build.0 = Release|Any CPU
		{E08CBA46-DE6C-4513-BFEC-1886C24D13FC}.Debug|Any CPU.ActiveCfg = Debug|Any CPU
		{E08CBA46-DE6C-4513-BFEC-1886C24D13FC}.Debug|Any CPU.Build.0 = Debug|Any CPU
		{E08CBA46-DE6C-4513-BFEC-1886C24D13FC}.Release|Any CPU.ActiveCfg = Release|Any CPU
		{E08CBA46-DE6C-4513-BFEC-1886C24D13FC}.Release|Any CPU.Build.0 = Release|Any CPU
		{5FB6D672-5769-467C-9C5B-C4F43E35A02F}.Debug|Any CPU.ActiveCfg = Debug|Any CPU
		{5FB6D672-5769-467C-9C5B-C4F43E35A02F}.Debug|Any CPU.Build.0 = Debug|Any CPU
		{5FB6D672-5769-467C-9C5B-C4F43E35A02F}.Release|Any CPU.ActiveCfg = Release|Any CPU
		{5FB6D672-5769-467C-9C5B-C4F43E35A02F}.Release|Any CPU.Build.0 = Release|Any CPU
	EndGlobalSection
	GlobalSection(SolutionProperties) = preSolution
		HideSolutionNode = FALSE
	EndGlobalSection
	GlobalSection(ExtensibilityGlobals) = postSolution
		SolutionGuid = {23D8E7EC-D70B-44EC-9C4E-93EB837FAC80}
	EndGlobalSection
EndGlobal
